// !$*UTF8*$!
{
	archiveVersion = 1;
	classes = {
	};
	objectVersion = 56;
	objects = {

/* Begin PBXBuildFile section */
		E6A402292C18F2B400D6309D /* InsightApp.swift in Sources */ = {isa = PBXBuildFile; fileRef = E6A402282C18F2B400D6309D /* InsightApp.swift */; };
		E6A4022B2C18F2B400D6309D /* ContentView.swift in Sources */ = {isa = PBXBuildFile; fileRef = E6A4022A2C18F2B400D6309D /* ContentView.swift */; };
		E6A4022D2C18F2B500D6309D /* Assets.xcassets in Resources */ = {isa = PBXBuildFile; fileRef = E6A4022C2C18F2B500D6309D /* Assets.xcassets */; };
		E6A402302C18F2B500D6309D /* Preview Assets.xcassets in Resources */ = {isa = PBXBuildFile; fileRef = E6A4022F2C18F2B500D6309D /* Preview Assets.xcassets */; };
		E6A4023A2C18F2B500D6309D /* InsightTests.swift in Sources */ = {isa = PBXBuildFile; fileRef = E6A402392C18F2B500D6309D /* InsightTests.swift */; };
		E6A402442C18F2B500D6309D /* InsightUITests.swift in Sources */ = {isa = PBXBuildFile; fileRef = E6A402432C18F2B500D6309D /* InsightUITests.swift */; };
		E6A402462C18F2B500D6309D /* InsightUITestsLaunchTests.swift in Sources */ = {isa = PBXBuildFile; fileRef = E6A402452C18F2B500D6309D /* InsightUITestsLaunchTests.swift */; };
		E6A402562C18F45C00D6309D /* GoogleService-Info.plist in Resources */ = {isa = PBXBuildFile; fileRef = E6A402552C18F45C00D6309D /* GoogleService-Info.plist */; };
		E6A402592C18F53300D6309D /* FirebaseAnalytics in Frameworks */ = {isa = PBXBuildFile; productRef = E6A402582C18F53300D6309D /* FirebaseAnalytics */; };
		E6A402602C1CD45B00D6309D /* HomeFeedView.swift in Sources */ = {isa = PBXBuildFile; fileRef = E6A4025F2C1CD45B00D6309D /* HomeFeedView.swift */; };
		E6A402642C1E548000D6309D /* LoginFields.swift in Sources */ = {isa = PBXBuildFile; fileRef = E6A402622C1E548000D6309D /* LoginFields.swift */; };
		E6A402682C20ED3100D6309D /* FirebaseAnalyticsSwift in Frameworks */ = {isa = PBXBuildFile; productRef = E6A402672C20ED3100D6309D /* FirebaseAnalyticsSwift */; };
		E6A4026A2C20ED3100D6309D /* FirebaseAuth in Frameworks */ = {isa = PBXBuildFile; productRef = E6A402692C20ED3100D6309D /* FirebaseAuth */; };
		E6A4026C2C20ED3100D6309D /* FirebaseDatabase in Frameworks */ = {isa = PBXBuildFile; productRef = E6A4026B2C20ED3100D6309D /* FirebaseDatabase */; };
		E6A4026E2C20ED3100D6309D /* FirebaseFirestore in Frameworks */ = {isa = PBXBuildFile; productRef = E6A4026D2C20ED3100D6309D /* FirebaseFirestore */; };
		E6A402702C20EF1500D6309D /* LoginFieldsViewModel.swift in Sources */ = {isa = PBXBuildFile; fileRef = E6A4026F2C20EF1500D6309D /* LoginFieldsViewModel.swift */; };
		E6A402752C20F4C200D6309D /* AuthenticationManager.swift in Sources */ = {isa = PBXBuildFile; fileRef = E6A402742C20F4C200D6309D /* AuthenticationManager.swift */; };
		E6A402792C21029D00D6309D /* MainView.swift in Sources */ = {isa = PBXBuildFile; fileRef = E6A402782C21029D00D6309D /* MainView.swift */; };
		E6A4027B2C21034900D6309D /* UserView.swift in Sources */ = {isa = PBXBuildFile; fileRef = E6A4027A2C21034900D6309D /* UserView.swift */; };
		E6A4027D2C21051800D6309D /* UserViewModel.swift in Sources */ = {isa = PBXBuildFile; fileRef = E6A4027C2C21051800D6309D /* UserViewModel.swift */; };
		E6A4027F2C210C0D00D6309D /* NewUser.swift in Sources */ = {isa = PBXBuildFile; fileRef = E6A4027E2C210C0D00D6309D /* NewUser.swift */; };
		E6A402812C210C1D00D6309D /* NewUserModel.swift in Sources */ = {isa = PBXBuildFile; fileRef = E6A402802C210C1D00D6309D /* NewUserModel.swift */; };
		E6A402872C2A1FA300D6309D /* Article.swift in Sources */ = {isa = PBXBuildFile; fileRef = E6A402862C2A1FA300D6309D /* Article.swift */; };
		E6A402892C2A208900D6309D /* HomeFeedViewModel.swift in Sources */ = {isa = PBXBuildFile; fileRef = E6A402882C2A208900D6309D /* HomeFeedViewModel.swift */; };
		E6A4028C2C2A38E700D6309D /* CardView.swift in Sources */ = {isa = PBXBuildFile; fileRef = E6A4028B2C2A38E700D6309D /* CardView.swift */; };
		E6A4028E2C2A3E0200D6309D /* ArticleView.swift in Sources */ = {isa = PBXBuildFile; fileRef = E6A4028D2C2A3E0200D6309D /* ArticleView.swift */; };
/* End PBXBuildFile section */

/* Begin PBXContainerItemProxy section */
		E6A402362C18F2B500D6309D /* PBXContainerItemProxy */ = {
			isa = PBXContainerItemProxy;
			containerPortal = E6A4021D2C18F2B400D6309D /* Project object */;
			proxyType = 1;
			remoteGlobalIDString = E6A402242C18F2B400D6309D;
			remoteInfo = Insight;
		};
		E6A402402C18F2B500D6309D /* PBXContainerItemProxy */ = {
			isa = PBXContainerItemProxy;
			containerPortal = E6A4021D2C18F2B400D6309D /* Project object */;
			proxyType = 1;
			remoteGlobalIDString = E6A402242C18F2B400D6309D;
			remoteInfo = Insight;
		};
/* End PBXContainerItemProxy section */

/* Begin PBXFileReference section */
		E6A402252C18F2B400D6309D /* Insight.app */ = {isa = PBXFileReference; explicitFileType = wrapper.application; includeInIndex = 0; path = Insight.app; sourceTree = BUILT_PRODUCTS_DIR; };
		E6A402282C18F2B400D6309D /* InsightApp.swift */ = {isa = PBXFileReference; lastKnownFileType = sourcecode.swift; path = InsightApp.swift; sourceTree = "<group>"; };
		E6A4022A2C18F2B400D6309D /* ContentView.swift */ = {isa = PBXFileReference; lastKnownFileType = sourcecode.swift; path = ContentView.swift; sourceTree = "<group>"; };
		E6A4022C2C18F2B500D6309D /* Assets.xcassets */ = {isa = PBXFileReference; lastKnownFileType = folder.assetcatalog; path = Assets.xcassets; sourceTree = "<group>"; };
		E6A4022F2C18F2B500D6309D /* Preview Assets.xcassets */ = {isa = PBXFileReference; lastKnownFileType = folder.assetcatalog; path = "Preview Assets.xcassets"; sourceTree = "<group>"; };
		E6A402352C18F2B500D6309D /* InsightTests.xctest */ = {isa = PBXFileReference; explicitFileType = wrapper.cfbundle; includeInIndex = 0; path = InsightTests.xctest; sourceTree = BUILT_PRODUCTS_DIR; };
		E6A402392C18F2B500D6309D /* InsightTests.swift */ = {isa = PBXFileReference; lastKnownFileType = sourcecode.swift; path = InsightTests.swift; sourceTree = "<group>"; };
		E6A4023F2C18F2B500D6309D /* InsightUITests.xctest */ = {isa = PBXFileReference; explicitFileType = wrapper.cfbundle; includeInIndex = 0; path = InsightUITests.xctest; sourceTree = BUILT_PRODUCTS_DIR; };
		E6A402432C18F2B500D6309D /* InsightUITests.swift */ = {isa = PBXFileReference; lastKnownFileType = sourcecode.swift; path = InsightUITests.swift; sourceTree = "<group>"; };
		E6A402452C18F2B500D6309D /* InsightUITestsLaunchTests.swift */ = {isa = PBXFileReference; lastKnownFileType = sourcecode.swift; path = InsightUITestsLaunchTests.swift; sourceTree = "<group>"; };
		E6A402552C18F45C00D6309D /* GoogleService-Info.plist */ = {isa = PBXFileReference; fileEncoding = 4; lastKnownFileType = text.plist.xml; path = "GoogleService-Info.plist"; sourceTree = "<group>"; };
		E6A4025F2C1CD45B00D6309D /* HomeFeedView.swift */ = {isa = PBXFileReference; lastKnownFileType = sourcecode.swift; path = HomeFeedView.swift; sourceTree = "<group>"; };
		E6A402622C1E548000D6309D /* LoginFields.swift */ = {isa = PBXFileReference; fileEncoding = 4; lastKnownFileType = sourcecode.swift; path = LoginFields.swift; sourceTree = "<group>"; };
		E6A4026F2C20EF1500D6309D /* LoginFieldsViewModel.swift */ = {isa = PBXFileReference; lastKnownFileType = sourcecode.swift; path = LoginFieldsViewModel.swift; sourceTree = "<group>"; };
		E6A402742C20F4C200D6309D /* AuthenticationManager.swift */ = {isa = PBXFileReference; lastKnownFileType = sourcecode.swift; path = AuthenticationManager.swift; sourceTree = "<group>"; };
		E6A402782C21029D00D6309D /* MainView.swift */ = {isa = PBXFileReference; lastKnownFileType = sourcecode.swift; path = MainView.swift; sourceTree = "<group>"; };
		E6A4027A2C21034900D6309D /* UserView.swift */ = {isa = PBXFileReference; lastKnownFileType = sourcecode.swift; path = UserView.swift; sourceTree = "<group>"; };
		E6A4027C2C21051800D6309D /* UserViewModel.swift */ = {isa = PBXFileReference; lastKnownFileType = sourcecode.swift; path = UserViewModel.swift; sourceTree = "<group>"; };
		E6A4027E2C210C0D00D6309D /* NewUser.swift */ = {isa = PBXFileReference; lastKnownFileType = sourcecode.swift; path = NewUser.swift; sourceTree = "<group>"; };
		E6A402802C210C1D00D6309D /* NewUserModel.swift */ = {isa = PBXFileReference; lastKnownFileType = sourcecode.swift; path = NewUserModel.swift; sourceTree = "<group>"; };
		E6A402862C2A1FA300D6309D /* Article.swift */ = {isa = PBXFileReference; lastKnownFileType = sourcecode.swift; path = Article.swift; sourceTree = "<group>"; };
		E6A402882C2A208900D6309D /* HomeFeedViewModel.swift */ = {isa = PBXFileReference; lastKnownFileType = sourcecode.swift; path = HomeFeedViewModel.swift; sourceTree = "<group>"; };
		E6A4028B2C2A38E700D6309D /* CardView.swift */ = {isa = PBXFileReference; lastKnownFileType = sourcecode.swift; path = CardView.swift; sourceTree = "<group>"; };
		E6A4028D2C2A3E0200D6309D /* ArticleView.swift */ = {isa = PBXFileReference; lastKnownFileType = sourcecode.swift; path = ArticleView.swift; sourceTree = "<group>"; };
/* End PBXFileReference section */

/* Begin PBXFrameworksBuildPhase section */
		E6A402222C18F2B400D6309D /* Frameworks */ = {
			isa = PBXFrameworksBuildPhase;
			buildActionMask = 2147483647;
			files = (
				E6A402682C20ED3100D6309D /* FirebaseAnalyticsSwift in Frameworks */,
				E6A4026A2C20ED3100D6309D /* FirebaseAuth in Frameworks */,
				E6A4026C2C20ED3100D6309D /* FirebaseDatabase in Frameworks */,
				E6A4026E2C20ED3100D6309D /* FirebaseFirestore in Frameworks */,
				E6A402592C18F53300D6309D /* FirebaseAnalytics in Frameworks */,
			);
			runOnlyForDeploymentPostprocessing = 0;
		};
		E6A402322C18F2B500D6309D /* Frameworks */ = {
			isa = PBXFrameworksBuildPhase;
			buildActionMask = 2147483647;
			files = (
			);
			runOnlyForDeploymentPostprocessing = 0;
		};
		E6A4023C2C18F2B500D6309D /* Frameworks */ = {
			isa = PBXFrameworksBuildPhase;
			buildActionMask = 2147483647;
			files = (
			);
			runOnlyForDeploymentPostprocessing = 0;
		};
/* End PBXFrameworksBuildPhase section */

/* Begin PBXGroup section */
		E6A4021C2C18F2B400D6309D = {
			isa = PBXGroup;
			children = (
				E6A402272C18F2B400D6309D /* Insight */,
				E6A402382C18F2B500D6309D /* InsightTests */,
				E6A402422C18F2B500D6309D /* InsightUITests */,
				E6A402262C18F2B400D6309D /* Products */,
				E6A402662C20ED3100D6309D /* Frameworks */,
			);
			sourceTree = "<group>";
		};
		E6A402262C18F2B400D6309D /* Products */ = {
			isa = PBXGroup;
			children = (
				E6A402252C18F2B400D6309D /* Insight.app */,
				E6A402352C18F2B500D6309D /* InsightTests.xctest */,
				E6A4023F2C18F2B500D6309D /* InsightUITests.xctest */,
			);
			name = Products;
			sourceTree = "<group>";
		};
		E6A402272C18F2B400D6309D /* Insight */ = {
			isa = PBXGroup;
			children = (
				E6A402552C18F45C00D6309D /* GoogleService-Info.plist */,
				E6A402282C18F2B400D6309D /* InsightApp.swift */,
				E6A4022A2C18F2B400D6309D /* ContentView.swift */,
				E6A402782C21029D00D6309D /* MainView.swift */,
				E6A402712C20F49C00D6309D /* Authentication */,
				E6A402612C1E546900D6309D /* Login */,
				E6A4025E2C1CD44100D6309D /* HomeFeed */,
				E6A402522C18F30B00D6309D /* User */,
				E6A4022C2C18F2B500D6309D /* Assets.xcassets */,
				E6A402852C2A1F8200D6309D /* Articles */,
				E6A4022E2C18F2B500D6309D /* Preview Content */,
			);
			path = Insight;
			sourceTree = "<group>";
		};
		E6A4022E2C18F2B500D6309D /* Preview Content */ = {
			isa = PBXGroup;
			children = (
				E6A4022F2C18F2B500D6309D /* Preview Assets.xcassets */,
			);
			path = "Preview Content";
			sourceTree = "<group>";
		};
		E6A402382C18F2B500D6309D /* InsightTests */ = {
			isa = PBXGroup;
			children = (
				E6A402392C18F2B500D6309D /* InsightTests.swift */,
			);
			path = InsightTests;
			sourceTree = "<group>";
		};
		E6A402422C18F2B500D6309D /* InsightUITests */ = {
			isa = PBXGroup;
			children = (
				E6A402432C18F2B500D6309D /* InsightUITests.swift */,
				E6A402452C18F2B500D6309D /* InsightUITestsLaunchTests.swift */,
			);
			path = InsightUITests;
			sourceTree = "<group>";
		};
		E6A402522C18F30B00D6309D /* User */ = {
			isa = PBXGroup;
			children = (
				E6A4027A2C21034900D6309D /* UserView.swift */,
				E6A4027C2C21051800D6309D /* UserViewModel.swift */,
			);
			path = User;
			sourceTree = "<group>";
		};
		E6A4025E2C1CD44100D6309D /* HomeFeed */ = {
			isa = PBXGroup;
			children = (
				E6A4025F2C1CD45B00D6309D /* HomeFeedView.swift */,
				E6A402882C2A208900D6309D /* HomeFeedViewModel.swift */,
				E6A4028D2C2A3E0200D6309D /* ArticleView.swift */,
				E6A4028A2C2A32B700D6309D /* Cards */,
			);
			path = HomeFeed;
			sourceTree = "<group>";
		};
		E6A402612C1E546900D6309D /* Login */ = {
			isa = PBXGroup;
			children = (
				E6A402622C1E548000D6309D /* LoginFields.swift */,
				E6A4026F2C20EF1500D6309D /* LoginFieldsViewModel.swift */,
				E6A4027E2C210C0D00D6309D /* NewUser.swift */,
				E6A402802C210C1D00D6309D /* NewUserModel.swift */,
			);
			path = Login;
			sourceTree = "<group>";
		};
		E6A402662C20ED3100D6309D /* Frameworks */ = {
			isa = PBXGroup;
			children = (
			);
			name = Frameworks;
			sourceTree = "<group>";
		};
		E6A402712C20F49C00D6309D /* Authentication */ = {
			isa = PBXGroup;
			children = (
				E6A402742C20F4C200D6309D /* AuthenticationManager.swift */,
			);
			path = Authentication;
			sourceTree = "<group>";
		};
		E6A402852C2A1F8200D6309D /* Articles */ = {
			isa = PBXGroup;
			children = (
				E6A402862C2A1FA300D6309D /* Article.swift */,
			);
			path = Articles;
			sourceTree = "<group>";
		};
		E6A4028A2C2A32B700D6309D /* Cards */ = {
			isa = PBXGroup;
			children = (
				E6A4028B2C2A38E700D6309D /* CardView.swift */,
			);
			path = Cards;
			sourceTree = "<group>";
		};
/* End PBXGroup section */

/* Begin PBXNativeTarget section */
		E6A402242C18F2B400D6309D /* Insight */ = {
			isa = PBXNativeTarget;
			buildConfigurationList = E6A402492C18F2B500D6309D /* Build configuration list for PBXNativeTarget "Insight" */;
			buildPhases = (
				E6A402212C18F2B400D6309D /* Sources */,
				E6A402222C18F2B400D6309D /* Frameworks */,
				E6A402232C18F2B400D6309D /* Resources */,
			);
			buildRules = (
			);
			dependencies = (
			);
			name = Insight;
			packageProductDependencies = (
				E6A402582C18F53300D6309D /* FirebaseAnalytics */,
				E6A402672C20ED3100D6309D /* FirebaseAnalyticsSwift */,
				E6A402692C20ED3100D6309D /* FirebaseAuth */,
				E6A4026B2C20ED3100D6309D /* FirebaseDatabase */,
				E6A4026D2C20ED3100D6309D /* FirebaseFirestore */,
			);
			productName = Insight;
			productReference = E6A402252C18F2B400D6309D /* Insight.app */;
			productType = "com.apple.product-type.application";
		};
		E6A402342C18F2B500D6309D /* InsightTests */ = {
			isa = PBXNativeTarget;
			buildConfigurationList = E6A4024C2C18F2B500D6309D /* Build configuration list for PBXNativeTarget "InsightTests" */;
			buildPhases = (
				E6A402312C18F2B500D6309D /* Sources */,
				E6A402322C18F2B500D6309D /* Frameworks */,
				E6A402332C18F2B500D6309D /* Resources */,
			);
			buildRules = (
			);
			dependencies = (
				E6A402372C18F2B500D6309D /* PBXTargetDependency */,
			);
			name = InsightTests;
			productName = InsightTests;
			productReference = E6A402352C18F2B500D6309D /* InsightTests.xctest */;
			productType = "com.apple.product-type.bundle.unit-test";
		};
		E6A4023E2C18F2B500D6309D /* InsightUITests */ = {
			isa = PBXNativeTarget;
			buildConfigurationList = E6A4024F2C18F2B500D6309D /* Build configuration list for PBXNativeTarget "InsightUITests" */;
			buildPhases = (
				E6A4023B2C18F2B500D6309D /* Sources */,
				E6A4023C2C18F2B500D6309D /* Frameworks */,
				E6A4023D2C18F2B500D6309D /* Resources */,
			);
			buildRules = (
			);
			dependencies = (
				E6A402412C18F2B500D6309D /* PBXTargetDependency */,
			);
			name = InsightUITests;
			productName = InsightUITests;
			productReference = E6A4023F2C18F2B500D6309D /* InsightUITests.xctest */;
			productType = "com.apple.product-type.bundle.ui-testing";
		};
/* End PBXNativeTarget section */

/* Begin PBXProject section */
		E6A4021D2C18F2B400D6309D /* Project object */ = {
			isa = PBXProject;
			attributes = {
				BuildIndependentTargetsInParallel = 1;
				LastSwiftUpdateCheck = 1540;
				LastUpgradeCheck = 1540;
				TargetAttributes = {
					E6A402242C18F2B400D6309D = {
						CreatedOnToolsVersion = 15.4;
					};
					E6A402342C18F2B500D6309D = {
						CreatedOnToolsVersion = 15.4;
						TestTargetID = E6A402242C18F2B400D6309D;
					};
					E6A4023E2C18F2B500D6309D = {
						CreatedOnToolsVersion = 15.4;
						TestTargetID = E6A402242C18F2B400D6309D;
					};
				};
			};
			buildConfigurationList = E6A402202C18F2B400D6309D /* Build configuration list for PBXProject "Insight" */;
			compatibilityVersion = "Xcode 14.0";
			developmentRegion = en;
			hasScannedForEncodings = 0;
			knownRegions = (
				en,
				Base,
			);
			mainGroup = E6A4021C2C18F2B400D6309D;
			packageReferences = (
				E6A402572C18F4CF00D6309D /* XCRemoteSwiftPackageReference "firebase-ios-sdk" */,
			);
			productRefGroup = E6A402262C18F2B400D6309D /* Products */;
			projectDirPath = "";
			projectRoot = "";
			targets = (
				E6A402242C18F2B400D6309D /* Insight */,
				E6A402342C18F2B500D6309D /* InsightTests */,
				E6A4023E2C18F2B500D6309D /* InsightUITests */,
			);
		};
/* End PBXProject section */

/* Begin PBXResourcesBuildPhase section */
		E6A402232C18F2B400D6309D /* Resources */ = {
			isa = PBXResourcesBuildPhase;
			buildActionMask = 2147483647;
			files = (
				E6A402302C18F2B500D6309D /* Preview Assets.xcassets in Resources */,
				E6A4022D2C18F2B500D6309D /* Assets.xcassets in Resources */,
				E6A402562C18F45C00D6309D /* GoogleService-Info.plist in Resources */,
			);
			runOnlyForDeploymentPostprocessing = 0;
		};
		E6A402332C18F2B500D6309D /* Resources */ = {
			isa = PBXResourcesBuildPhase;
			buildActionMask = 2147483647;
			files = (
			);
			runOnlyForDeploymentPostprocessing = 0;
		};
		E6A4023D2C18F2B500D6309D /* Resources */ = {
			isa = PBXResourcesBuildPhase;
			buildActionMask = 2147483647;
			files = (
			);
			runOnlyForDeploymentPostprocessing = 0;
		};
/* End PBXResourcesBuildPhase section */

/* Begin PBXSourcesBuildPhase section */
		E6A402212C18F2B400D6309D /* Sources */ = {
			isa = PBXSourcesBuildPhase;
			buildActionMask = 2147483647;
			files = (
				E6A4028C2C2A38E700D6309D /* CardView.swift in Sources */,
				E6A402642C1E548000D6309D /* LoginFields.swift in Sources */,
				E6A402792C21029D00D6309D /* MainView.swift in Sources */,
				E6A402702C20EF1500D6309D /* LoginFieldsViewModel.swift in Sources */,
				E6A4027B2C21034900D6309D /* UserView.swift in Sources */,
				E6A402602C1CD45B00D6309D /* HomeFeedView.swift in Sources */,
				E6A4027F2C210C0D00D6309D /* NewUser.swift in Sources */,
				E6A4028E2C2A3E0200D6309D /* ArticleView.swift in Sources */,
				E6A402892C2A208900D6309D /* HomeFeedViewModel.swift in Sources */,
				E6A402752C20F4C200D6309D /* AuthenticationManager.swift in Sources */,
				E6A4022B2C18F2B400D6309D /* ContentView.swift in Sources */,
				E6A402872C2A1FA300D6309D /* Article.swift in Sources */,
				E6A4027D2C21051800D6309D /* UserViewModel.swift in Sources */,
				E6A402812C210C1D00D6309D /* NewUserModel.swift in Sources */,
				E6A402292C18F2B400D6309D /* InsightApp.swift in Sources */,
			);
			runOnlyForDeploymentPostprocessing = 0;
		};
		E6A402312C18F2B500D6309D /* Sources */ = {
			isa = PBXSourcesBuildPhase;
			buildActionMask = 2147483647;
			files = (
				E6A4023A2C18F2B500D6309D /* InsightTests.swift in Sources */,
			);
			runOnlyForDeploymentPostprocessing = 0;
		};
		E6A4023B2C18F2B500D6309D /* Sources */ = {
			isa = PBXSourcesBuildPhase;
			buildActionMask = 2147483647;
			files = (
				E6A402442C18F2B500D6309D /* InsightUITests.swift in Sources */,
				E6A402462C18F2B500D6309D /* InsightUITestsLaunchTests.swift in Sources */,
			);
			runOnlyForDeploymentPostprocessing = 0;
		};
/* End PBXSourcesBuildPhase section */

/* Begin PBXTargetDependency section */
		E6A402372C18F2B500D6309D /* PBXTargetDependency */ = {
			isa = PBXTargetDependency;
			target = E6A402242C18F2B400D6309D /* Insight */;
			targetProxy = E6A402362C18F2B500D6309D /* PBXContainerItemProxy */;
		};
		E6A402412C18F2B500D6309D /* PBXTargetDependency */ = {
			isa = PBXTargetDependency;
			target = E6A402242C18F2B400D6309D /* Insight */;
			targetProxy = E6A402402C18F2B500D6309D /* PBXContainerItemProxy */;
		};
/* End PBXTargetDependency section */

/* Begin XCBuildConfiguration section */
		E6A402472C18F2B500D6309D /* Debug */ = {
			isa = XCBuildConfiguration;
			buildSettings = {
				ALWAYS_SEARCH_USER_PATHS = NO;
				ASSETCATALOG_COMPILER_GENERATE_SWIFT_ASSET_SYMBOL_EXTENSIONS = YES;
				CLANG_ANALYZER_NONNULL = YES;
				CLANG_ANALYZER_NUMBER_OBJECT_CONVERSION = YES_AGGRESSIVE;
				CLANG_CXX_LANGUAGE_STANDARD = "gnu++20";
				CLANG_ENABLE_MODULES = YES;
				CLANG_ENABLE_OBJC_ARC = YES;
				CLANG_ENABLE_OBJC_WEAK = YES;
				CLANG_WARN_BLOCK_CAPTURE_AUTORELEASING = YES;
				CLANG_WARN_BOOL_CONVERSION = YES;
				CLANG_WARN_COMMA = YES;
				CLANG_WARN_CONSTANT_CONVERSION = YES;
				CLANG_WARN_DEPRECATED_OBJC_IMPLEMENTATIONS = YES;
				CLANG_WARN_DIRECT_OBJC_ISA_USAGE = YES_ERROR;
				CLANG_WARN_DOCUMENTATION_COMMENTS = YES;
				CLANG_WARN_EMPTY_BODY = YES;
				CLANG_WARN_ENUM_CONVERSION = YES;
				CLANG_WARN_INFINITE_RECURSION = YES;
				CLANG_WARN_INT_CONVERSION = YES;
				CLANG_WARN_NON_LITERAL_NULL_CONVERSION = YES;
				CLANG_WARN_OBJC_IMPLICIT_RETAIN_SELF = YES;
				CLANG_WARN_OBJC_LITERAL_CONVERSION = YES;
				CLANG_WARN_OBJC_ROOT_CLASS = YES_ERROR;
				CLANG_WARN_QUOTED_INCLUDE_IN_FRAMEWORK_HEADER = YES;
				CLANG_WARN_RANGE_LOOP_ANALYSIS = YES;
				CLANG_WARN_STRICT_PROTOTYPES = YES;
				CLANG_WARN_SUSPICIOUS_MOVE = YES;
				CLANG_WARN_UNGUARDED_AVAILABILITY = YES_AGGRESSIVE;
				CLANG_WARN_UNREACHABLE_CODE = YES;
				CLANG_WARN__DUPLICATE_METHOD_MATCH = YES;
				COPY_PHASE_STRIP = NO;
				DEBUG_INFORMATION_FORMAT = dwarf;
				ENABLE_STRICT_OBJC_MSGSEND = YES;
				ENABLE_TESTABILITY = YES;
				ENABLE_USER_SCRIPT_SANDBOXING = YES;
				GCC_C_LANGUAGE_STANDARD = gnu17;
				GCC_DYNAMIC_NO_PIC = NO;
				GCC_NO_COMMON_BLOCKS = YES;
				GCC_OPTIMIZATION_LEVEL = 0;
				GCC_PREPROCESSOR_DEFINITIONS = (
					"DEBUG=1",
					"$(inherited)",
				);
				GCC_WARN_64_TO_32_BIT_CONVERSION = YES;
				GCC_WARN_ABOUT_RETURN_TYPE = YES_ERROR;
				GCC_WARN_UNDECLARED_SELECTOR = YES;
				GCC_WARN_UNINITIALIZED_AUTOS = YES_AGGRESSIVE;
				GCC_WARN_UNUSED_FUNCTION = YES;
				GCC_WARN_UNUSED_VARIABLE = YES;
				IPHONEOS_DEPLOYMENT_TARGET = 17.5;
				LOCALIZATION_PREFERS_STRING_CATALOGS = YES;
				MTL_ENABLE_DEBUG_INFO = INCLUDE_SOURCE;
				MTL_FAST_MATH = YES;
				ONLY_ACTIVE_ARCH = YES;
				SDKROOT = iphoneos;
				SWIFT_ACTIVE_COMPILATION_CONDITIONS = "DEBUG $(inherited)";
				SWIFT_OPTIMIZATION_LEVEL = "-Onone";
			};
			name = Debug;
		};
		E6A402482C18F2B500D6309D /* Release */ = {
			isa = XCBuildConfiguration;
			buildSettings = {
				ALWAYS_SEARCH_USER_PATHS = NO;
				ASSETCATALOG_COMPILER_GENERATE_SWIFT_ASSET_SYMBOL_EXTENSIONS = YES;
				CLANG_ANALYZER_NONNULL = YES;
				CLANG_ANALYZER_NUMBER_OBJECT_CONVERSION = YES_AGGRESSIVE;
				CLANG_CXX_LANGUAGE_STANDARD = "gnu++20";
				CLANG_ENABLE_MODULES = YES;
				CLANG_ENABLE_OBJC_ARC = YES;
				CLANG_ENABLE_OBJC_WEAK = YES;
				CLANG_WARN_BLOCK_CAPTURE_AUTORELEASING = YES;
				CLANG_WARN_BOOL_CONVERSION = YES;
				CLANG_WARN_COMMA = YES;
				CLANG_WARN_CONSTANT_CONVERSION = YES;
				CLANG_WARN_DEPRECATED_OBJC_IMPLEMENTATIONS = YES;
				CLANG_WARN_DIRECT_OBJC_ISA_USAGE = YES_ERROR;
				CLANG_WARN_DOCUMENTATION_COMMENTS = YES;
				CLANG_WARN_EMPTY_BODY = YES;
				CLANG_WARN_ENUM_CONVERSION = YES;
				CLANG_WARN_INFINITE_RECURSION = YES;
				CLANG_WARN_INT_CONVERSION = YES;
				CLANG_WARN_NON_LITERAL_NULL_CONVERSION = YES;
				CLANG_WARN_OBJC_IMPLICIT_RETAIN_SELF = YES;
				CLANG_WARN_OBJC_LITERAL_CONVERSION = YES;
				CLANG_WARN_OBJC_ROOT_CLASS = YES_ERROR;
				CLANG_WARN_QUOTED_INCLUDE_IN_FRAMEWORK_HEADER = YES;
				CLANG_WARN_RANGE_LOOP_ANALYSIS = YES;
				CLANG_WARN_STRICT_PROTOTYPES = YES;
				CLANG_WARN_SUSPICIOUS_MOVE = YES;
				CLANG_WARN_UNGUARDED_AVAILABILITY = YES_AGGRESSIVE;
				CLANG_WARN_UNREACHABLE_CODE = YES;
				CLANG_WARN__DUPLICATE_METHOD_MATCH = YES;
				COPY_PHASE_STRIP = NO;
				DEBUG_INFORMATION_FORMAT = "dwarf-with-dsym";
				ENABLE_NS_ASSERTIONS = NO;
				ENABLE_STRICT_OBJC_MSGSEND = YES;
				ENABLE_USER_SCRIPT_SANDBOXING = YES;
				GCC_C_LANGUAGE_STANDARD = gnu17;
				GCC_NO_COMMON_BLOCKS = YES;
				GCC_WARN_64_TO_32_BIT_CONVERSION = YES;
				GCC_WARN_ABOUT_RETURN_TYPE = YES_ERROR;
				GCC_WARN_UNDECLARED_SELECTOR = YES;
				GCC_WARN_UNINITIALIZED_AUTOS = YES_AGGRESSIVE;
				GCC_WARN_UNUSED_FUNCTION = YES;
				GCC_WARN_UNUSED_VARIABLE = YES;
				IPHONEOS_DEPLOYMENT_TARGET = 17.5;
				LOCALIZATION_PREFERS_STRING_CATALOGS = YES;
				MTL_ENABLE_DEBUG_INFO = NO;
				MTL_FAST_MATH = YES;
				SDKROOT = iphoneos;
				SWIFT_COMPILATION_MODE = wholemodule;
				VALIDATE_PRODUCT = YES;
			};
			name = Release;
		};
		E6A4024A2C18F2B500D6309D /* Debug */ = {
			isa = XCBuildConfiguration;
			buildSettings = {
				ASSETCATALOG_COMPILER_APPICON_NAME = AppIcon;
				ASSETCATALOG_COMPILER_GLOBAL_ACCENT_COLOR_NAME = AccentColor;
				CODE_SIGN_STYLE = Automatic;
				CURRENT_PROJECT_VERSION = 1;
				DEVELOPMENT_ASSET_PATHS = "\"Insight/Preview Content\"";
				ENABLE_PREVIEWS = YES;
				GENERATE_INFOPLIST_FILE = YES;
				INFOPLIST_KEY_UIApplicationSceneManifest_Generation = YES;
				INFOPLIST_KEY_UIApplicationSupportsIndirectInputEvents = YES;
				INFOPLIST_KEY_UILaunchScreen_Generation = YES;
				INFOPLIST_KEY_UISupportedInterfaceOrientations_iPad = "UIInterfaceOrientationPortrait UIInterfaceOrientationPortraitUpsideDown UIInterfaceOrientationLandscapeLeft UIInterfaceOrientationLandscapeRight";
				INFOPLIST_KEY_UISupportedInterfaceOrientations_iPhone = "UIInterfaceOrientationPortrait UIInterfaceOrientationLandscapeLeft UIInterfaceOrientationLandscapeRight";
				LD_RUNPATH_SEARCH_PATHS = (
					"$(inherited)",
					"@executable_path/Frameworks",
				);
				MARKETING_VERSION = 1.0;
				PRODUCT_BUNDLE_IDENTIFIER = mihirshah.Insight;
				PRODUCT_NAME = "$(TARGET_NAME)";
				SWIFT_EMIT_LOC_STRINGS = YES;
				SWIFT_VERSION = 5.0;
				TARGETED_DEVICE_FAMILY = "1,2";
			};
			name = Debug;
		};
		E6A4024B2C18F2B500D6309D /* Release */ = {
			isa = XCBuildConfiguration;
			buildSettings = {
				ASSETCATALOG_COMPILER_APPICON_NAME = AppIcon;
				ASSETCATALOG_COMPILER_GLOBAL_ACCENT_COLOR_NAME = AccentColor;
				CODE_SIGN_STYLE = Automatic;
				CURRENT_PROJECT_VERSION = 1;
				DEVELOPMENT_ASSET_PATHS = "\"Insight/Preview Content\"";
				ENABLE_PREVIEWS = YES;
				GENERATE_INFOPLIST_FILE = YES;
				INFOPLIST_KEY_UIApplicationSceneManifest_Generation = YES;
				INFOPLIST_KEY_UIApplicationSupportsIndirectInputEvents = YES;
				INFOPLIST_KEY_UILaunchScreen_Generation = YES;
				INFOPLIST_KEY_UISupportedInterfaceOrientations_iPad = "UIInterfaceOrientationPortrait UIInterfaceOrientationPortraitUpsideDown UIInterfaceOrientationLandscapeLeft UIInterfaceOrientationLandscapeRight";
				INFOPLIST_KEY_UISupportedInterfaceOrientations_iPhone = "UIInterfaceOrientationPortrait UIInterfaceOrientationLandscapeLeft UIInterfaceOrientationLandscapeRight";
				LD_RUNPATH_SEARCH_PATHS = (
					"$(inherited)",
					"@executable_path/Frameworks",
				);
				MARKETING_VERSION = 1.0;
				PRODUCT_BUNDLE_IDENTIFIER = mihirshah.Insight;
				PRODUCT_NAME = "$(TARGET_NAME)";
				SWIFT_EMIT_LOC_STRINGS = YES;
				SWIFT_VERSION = 5.0;
				TARGETED_DEVICE_FAMILY = "1,2";
			};
			name = Release;
		};
		E6A4024D2C18F2B500D6309D /* Debug */ = {
			isa = XCBuildConfiguration;
			buildSettings = {
				ALWAYS_EMBED_SWIFT_STANDARD_LIBRARIES = YES;
				BUNDLE_LOADER = "$(TEST_HOST)";
				CODE_SIGN_STYLE = Automatic;
				CURRENT_PROJECT_VERSION = 1;
				GENERATE_INFOPLIST_FILE = YES;
				IPHONEOS_DEPLOYMENT_TARGET = 17.5;
				MARKETING_VERSION = 1.0;
				PRODUCT_BUNDLE_IDENTIFIER = mihirshah.InsightTests;
				PRODUCT_NAME = "$(TARGET_NAME)";
				SWIFT_EMIT_LOC_STRINGS = NO;
				SWIFT_VERSION = 5.0;
				TARGETED_DEVICE_FAMILY = "1,2";
				TEST_HOST = "$(BUILT_PRODUCTS_DIR)/Insight.app/$(BUNDLE_EXECUTABLE_FOLDER_PATH)/Insight";
			};
			name = Debug;
		};
		E6A4024E2C18F2B500D6309D /* Release */ = {
			isa = XCBuildConfiguration;
			buildSettings = {
				ALWAYS_EMBED_SWIFT_STANDARD_LIBRARIES = YES;
				BUNDLE_LOADER = "$(TEST_HOST)";
				CODE_SIGN_STYLE = Automatic;
				CURRENT_PROJECT_VERSION = 1;
				GENERATE_INFOPLIST_FILE = YES;
				IPHONEOS_DEPLOYMENT_TARGET = 17.5;
				MARKETING_VERSION = 1.0;
				PRODUCT_BUNDLE_IDENTIFIER = mihirshah.InsightTests;
				PRODUCT_NAME = "$(TARGET_NAME)";
				SWIFT_EMIT_LOC_STRINGS = NO;
				SWIFT_VERSION = 5.0;
				TARGETED_DEVICE_FAMILY = "1,2";
				TEST_HOST = "$(BUILT_PRODUCTS_DIR)/Insight.app/$(BUNDLE_EXECUTABLE_FOLDER_PATH)/Insight";
			};
			name = Release;
		};
		E6A402502C18F2B500D6309D /* Debug */ = {
			isa = XCBuildConfiguration;
			buildSettings = {
				ALWAYS_EMBED_SWIFT_STANDARD_LIBRARIES = YES;
				CODE_SIGN_STYLE = Automatic;
				CURRENT_PROJECT_VERSION = 1;
				GENERATE_INFOPLIST_FILE = YES;
				MARKETING_VERSION = 1.0;
				PRODUCT_BUNDLE_IDENTIFIER = mihirshah.InsightUITests;
				PRODUCT_NAME = "$(TARGET_NAME)";
				SWIFT_EMIT_LOC_STRINGS = NO;
				SWIFT_VERSION = 5.0;
				TARGETED_DEVICE_FAMILY = "1,2";
				TEST_TARGET_NAME = Insight;
			};
			name = Debug;
		};
		E6A402512C18F2B500D6309D /* Release */ = {
			isa = XCBuildConfiguration;
			buildSettings = {
				ALWAYS_EMBED_SWIFT_STANDARD_LIBRARIES = YES;
				CODE_SIGN_STYLE = Automatic;
				CURRENT_PROJECT_VERSION = 1;
				GENERATE_INFOPLIST_FILE = YES;
				MARKETING_VERSION = 1.0;
				PRODUCT_BUNDLE_IDENTIFIER = mihirshah.InsightUITests;
				PRODUCT_NAME = "$(TARGET_NAME)";
				SWIFT_EMIT_LOC_STRINGS = NO;
				SWIFT_VERSION = 5.0;
				TARGETED_DEVICE_FAMILY = "1,2";
				TEST_TARGET_NAME = Insight;
			};
			name = Release;
		};
/* End XCBuildConfiguration section */

/* Begin XCConfigurationList section */
		E6A402202C18F2B400D6309D /* Build configuration list for PBXProject "Insight" */ = {
			isa = XCConfigurationList;
			buildConfigurations = (
				E6A402472C18F2B500D6309D /* Debug */,
				E6A402482C18F2B500D6309D /* Release */,
			);
			defaultConfigurationIsVisible = 0;
			defaultConfigurationName = Release;
		};
		E6A402492C18F2B500D6309D /* Build configuration list for PBXNativeTarget "Insight" */ = {
			isa = XCConfigurationList;
			buildConfigurations = (
				E6A4024A2C18F2B500D6309D /* Debug */,
				E6A4024B2C18F2B500D6309D /* Release */,
			);
			defaultConfigurationIsVisible = 0;
			defaultConfigurationName = Release;
		};
		E6A4024C2C18F2B500D6309D /* Build configuration list for PBXNativeTarget "InsightTests" */ = {
			isa = XCConfigurationList;
			buildConfigurations = (
				E6A4024D2C18F2B500D6309D /* Debug */,
				E6A4024E2C18F2B500D6309D /* Release */,
			);
			defaultConfigurationIsVisible = 0;
			defaultConfigurationName = Release;
		};
		E6A4024F2C18F2B500D6309D /* Build configuration list for PBXNativeTarget "InsightUITests" */ = {
			isa = XCConfigurationList;
			buildConfigurations = (
				E6A402502C18F2B500D6309D /* Debug */,
				E6A402512C18F2B500D6309D /* Release */,
			);
			defaultConfigurationIsVisible = 0;
			defaultConfigurationName = Release;
		};
/* End XCConfigurationList section */

/* Begin XCRemoteSwiftPackageReference section */
		E6A402572C18F4CF00D6309D /* XCRemoteSwiftPackageReference "firebase-ios-sdk" */ = {
			isa = XCRemoteSwiftPackageReference;
			repositoryURL = "https://github.com/firebase/firebase-ios-sdk";
			requirement = {
				kind = upToNextMajorVersion;
				minimumVersion = 10.27.0;
			};
		};
/* End XCRemoteSwiftPackageReference section */

/* Begin XCSwiftPackageProductDependency section */
		E6A402582C18F53300D6309D /* FirebaseAnalytics */ = {
			isa = XCSwiftPackageProductDependency;
			package = E6A402572C18F4CF00D6309D /* XCRemoteSwiftPackageReference "firebase-ios-sdk" */;
			productName = FirebaseAnalytics;
		};
		E6A402672C20ED3100D6309D /* FirebaseAnalyticsSwift */ = {
			isa = XCSwiftPackageProductDependency;
			package = E6A402572C18F4CF00D6309D /* XCRemoteSwiftPackageReference "firebase-ios-sdk" */;
			productName = FirebaseAnalyticsSwift;
		};
		E6A402692C20ED3100D6309D /* FirebaseAuth */ = {
			isa = XCSwiftPackageProductDependency;
			package = E6A402572C18F4CF00D6309D /* XCRemoteSwiftPackageReference "firebase-ios-sdk" */;
			productName = FirebaseAuth;
		};
		E6A4026B2C20ED3100D6309D /* FirebaseDatabase */ = {
			isa = XCSwiftPackageProductDependency;
			package = E6A402572C18F4CF00D6309D /* XCRemoteSwiftPackageReference "firebase-ios-sdk" */;
			productName = FirebaseDatabase;
		};
		E6A4026D2C20ED3100D6309D /* FirebaseFirestore */ = {
			isa = XCSwiftPackageProductDependency;
			package = E6A402572C18F4CF00D6309D /* XCRemoteSwiftPackageReference "firebase-ios-sdk" */;
			productName = FirebaseFirestore;
		};
/* End XCSwiftPackageProductDependency section */
	};
	rootObject = E6A4021D2C18F2B400D6309D /* Project object */;
}
